
Microsoft Visual Studio Solution File, Format Version 12.00
# Visual Studio Version 16
VisualStudioVersion = 16.0.31911.196
MinimumVisualStudioVersion = 10.0.40219.1
Project("{FAE04EC0-301F-11D3-BF4B-00C04F79EFBC}") = "IFTR", "IFTR\IFTR.csproj", "{7DA4896E-FEEA-40A4-AC92-72E02C469DB3}"
EndProject
Project("{FAE04EC0-301F-11D3-BF4B-00C04F79EFBC}") = "IFTR.DAL", "IFTR.DAL\IFTR.DAL.csproj", "{926527EB-4940-4978-96DF-252424E10134}"
EndProject
Global
	GlobalSection(SolutionConfigurationPlatforms) = preSolution
		Debug|Any CPU = Debug|Any CPU
		Release|Any CPU = Release|Any CPU
	EndGlobalSection
	GlobalSection(ProjectConfigurationPlatforms) = postSolution
		{7DA4896E-FEEA-40A4-AC92-72E02C469DB3}.Debug|Any CPU.ActiveCfg = Debug|Any CPU
		{7DA4896E-FEEA-40A4-AC92-72E02C469DB3}.Debug|Any CPU.Build.0 = Debug|Any CPU
		{7DA4896E-FEEA-40A4-AC92-72E02C469DB3}.Release|Any CPU.ActiveCfg = Release|Any CPU
		{7DA4896E-FEEA-40A4-AC92-72E02C469DB3}.Release|Any CPU.Build.0 = Release|Any CPU
		{926527EB-4940-4978-96DF-252424E10134}.Debug|Any CPU.ActiveCfg = Debug|Any CPU
		{926527EB-4940-4978-96DF-252424E10134}.Debug|Any CPU.Build.0 = Debug|Any CPU
		{926527EB-4940-4978-96DF-252424E10134}.Release|Any CPU.ActiveCfg = Release|Any CPU
		{926527EB-4940-4978-96DF-252424E10134}.Release|Any CPU.Build.0 = Release|Any CPU
	EndGlobalSection
	GlobalSection(SolutionProperties) = preSolution
		HideSolutionNode = FALSE
	EndGlobalSection
	GlobalSection(ExtensibilityGlobals) = postSolution
		SolutionGuid = {F0C80BB2-7B12-412B-B652-06D475350EF3}
	EndGlobalSection
EndGlobal
